// !$*UTF8*$!
{
	archiveVersion = 1;
	classes = {
	};
	objectVersion = 50;
	objects = {

/* Begin PBXBuildFile section */
		BCF4E5F9268257FB006A9CA1 /* AppDelegate.swift in Sources */ = {isa = PBXBuildFile; fileRef = BCF4E5F8268257FB006A9CA1 /* AppDelegate.swift */; };
		BCF4E5FB268257FB006A9CA1 /* SceneDelegate.swift in Sources */ = {isa = PBXBuildFile; fileRef = BCF4E5FA268257FB006A9CA1 /* SceneDelegate.swift */; };
		BCF4E5FD268257FB006A9CA1 /* StoriesListViewController.swift in Sources */ = {isa = PBXBuildFile; fileRef = BCF4E5FC268257FB006A9CA1 /* StoriesListViewController.swift */; };
		BCF4E600268257FB006A9CA1 /* Main.storyboard in Resources */ = {isa = PBXBuildFile; fileRef = BCF4E5FE268257FB006A9CA1 /* Main.storyboard */; };
		BCF4E602268257FD006A9CA1 /* Assets.xcassets in Resources */ = {isa = PBXBuildFile; fileRef = BCF4E601268257FD006A9CA1 /* Assets.xcassets */; };
		BCF4E605268257FD006A9CA1 /* LaunchScreen.storyboard in Resources */ = {isa = PBXBuildFile; fileRef = BCF4E603268257FD006A9CA1 /* LaunchScreen.storyboard */; };
		BCF4E61A26827408006A9CA1 /* StoriesModelController.swift in Sources */ = {isa = PBXBuildFile; fileRef = BCF4E61926827408006A9CA1 /* StoriesModelController.swift */; };
		BCF4E61E268276A4006A9CA1 /* StoryDetailsViewController.swift in Sources */ = {isa = PBXBuildFile; fileRef = BCF4E61D268276A4006A9CA1 /* StoryDetailsViewController.swift */; };
		BCF4E62026827727006A9CA1 /* Story.swift in Sources */ = {isa = PBXBuildFile; fileRef = BCF4E61F26827727006A9CA1 /* Story.swift */; };
/* End PBXBuildFile section */

/* Begin PBXFileReference section */
		BCF4E5F5268257FB006A9CA1 /* NYT-Stories.app */ = {isa = PBXFileReference; explicitFileType = wrapper.application; includeInIndex = 0; path = "NYT-Stories.app"; sourceTree = BUILT_PRODUCTS_DIR; };
		BCF4E5F8268257FB006A9CA1 /* AppDelegate.swift */ = {isa = PBXFileReference; lastKnownFileType = sourcecode.swift; path = AppDelegate.swift; sourceTree = "<group>"; };
		BCF4E5FA268257FB006A9CA1 /* SceneDelegate.swift */ = {isa = PBXFileReference; lastKnownFileType = sourcecode.swift; path = SceneDelegate.swift; sourceTree = "<group>"; };
		BCF4E5FC268257FB006A9CA1 /* StoriesListViewController.swift */ = {isa = PBXFileReference; lastKnownFileType = sourcecode.swift; path = StoriesListViewController.swift; sourceTree = "<group>"; };
		BCF4E5FF268257FB006A9CA1 /* Base */ = {isa = PBXFileReference; lastKnownFileType = file.storyboard; name = Base; path = Base.lproj/Main.storyboard; sourceTree = "<group>"; };
		BCF4E601268257FD006A9CA1 /* Assets.xcassets */ = {isa = PBXFileReference; lastKnownFileType = folder.assetcatalog; path = Assets.xcassets; sourceTree = "<group>"; };
		BCF4E604268257FD006A9CA1 /* Base */ = {isa = PBXFileReference; lastKnownFileType = file.storyboard; name = Base; path = Base.lproj/LaunchScreen.storyboard; sourceTree = "<group>"; };
		BCF4E606268257FD006A9CA1 /* Info.plist */ = {isa = PBXFileReference; lastKnownFileType = text.plist.xml; path = Info.plist; sourceTree = "<group>"; };
		BCF4E61926827408006A9CA1 /* StoriesModelController.swift */ = {isa = PBXFileReference; lastKnownFileType = sourcecode.swift; path = StoriesModelController.swift; sourceTree = "<group>"; };
		BCF4E61D268276A4006A9CA1 /* StoryDetailsViewController.swift */ = {isa = PBXFileReference; lastKnownFileType = sourcecode.swift; path = StoryDetailsViewController.swift; sourceTree = "<group>"; };
		BCF4E61F26827727006A9CA1 /* Story.swift */ = {isa = PBXFileReference; lastKnownFileType = sourcecode.swift; path = Story.swift; sourceTree = "<group>"; };
/* End PBXFileReference section */

/* Begin PBXFrameworksBuildPhase section */
		BCF4E5F2268257FB006A9CA1 /* Frameworks */ = {
			isa = PBXFrameworksBuildPhase;
			buildActionMask = 2147483647;
			files = (
			);
			runOnlyForDeploymentPostprocessing = 0;
		};
/* End PBXFrameworksBuildPhase section */

/* Begin PBXGroup section */
		BCF4E5EC268257FB006A9CA1 = {
			isa = PBXGroup;
			children = (
				BCF4E5F7268257FB006A9CA1 /* NYT-Stories */,
				BCF4E5F6268257FB006A9CA1 /* Products */,
			);
			sourceTree = "<group>";
		};
		BCF4E5F6268257FB006A9CA1 /* Products */ = {
			isa = PBXGroup;
			children = (
				BCF4E5F5268257FB006A9CA1 /* NYT-Stories.app */,
			);
			name = Products;
			sourceTree = "<group>";
		};
		BCF4E5F7268257FB006A9CA1 /* NYT-Stories */ = {
			isa = PBXGroup;
			children = (
				BCF4E60C268258C1006A9CA1 /* Support */,
				BCF4E60D268258C8006A9CA1 /* Presentation */,
				BCF4E60E26826633006A9CA1 /* Main */,
				BCF4E601268257FD006A9CA1 /* Assets.xcassets */,
				BCF4E606268257FD006A9CA1 /* Info.plist */,
			);
			path = "NYT-Stories";
			sourceTree = "<group>";
		};
		BCF4E60C268258C1006A9CA1 /* Support */ = {
			isa = PBXGroup;
			children = (
				BCF4E5F8268257FB006A9CA1 /* AppDelegate.swift */,
				BCF4E5FA268257FB006A9CA1 /* SceneDelegate.swift */,
			);
			path = Support;
			sourceTree = "<group>";
		};
		BCF4E60D268258C8006A9CA1 /* Presentation */ = {
			isa = PBXGroup;
			children = (
				BCF4E616268266A4006A9CA1 /* Extensions */,
				BCF4E6152682669F006A9CA1 /* Protocols */,
				BCF4E61426826699006A9CA1 /* Cells */,
				BCF4E61326826691006A9CA1 /* Storyboards */,
				BCF4E61226826687006A9CA1 /* Model Controllers */,
				BCF4E6112682667E006A9CA1 /* View Controllers */,
			);
			path = Presentation;
			sourceTree = "<group>";
		};
		BCF4E60E26826633006A9CA1 /* Main */ = {
			isa = PBXGroup;
			children = (
				BCF4E617268266B5006A9CA1 /* Objects */,
				BCF4E618268266BC006A9CA1 /* Networking */,
			);
			path = Main;
			sourceTree = "<group>";
		};
		BCF4E6112682667E006A9CA1 /* View Controllers */ = {
			isa = PBXGroup;
			children = (
				BCF4E5FC268257FB006A9CA1 /* StoriesListViewController.swift */,
				BCF4E61D268276A4006A9CA1 /* StoryDetailsViewController.swift */,
			);
			path = "View Controllers";
			sourceTree = "<group>";
		};
		BCF4E61226826687006A9CA1 /* Model Controllers */ = {
			isa = PBXGroup;
			children = (
				BCF4E61926827408006A9CA1 /* StoriesModelController.swift */,
			);
			path = "Model Controllers";
			sourceTree = "<group>";
		};
		BCF4E61326826691006A9CA1 /* Storyboards */ = {
			isa = PBXGroup;
			children = (
				BCF4E5FE268257FB006A9CA1 /* Main.storyboard */,
				BCF4E603268257FD006A9CA1 /* LaunchScreen.storyboard */,
			);
			path = Storyboards;
			sourceTree = "<group>";
		};
		BCF4E61426826699006A9CA1 /* Cells */ = {
			isa = PBXGroup;
			children = (
			);
			path = Cells;
			sourceTree = "<group>";
		};
		BCF4E6152682669F006A9CA1 /* Protocols */ = {
			isa = PBXGroup;
			children = (
			);
			path = Protocols;
			sourceTree = "<group>";
		};
		BCF4E616268266A4006A9CA1 /* Extensions */ = {
			isa = PBXGroup;
			children = (
			);
			path = Extensions;
			sourceTree = "<group>";
		};
		BCF4E617268266B5006A9CA1 /* Objects */ = {
			isa = PBXGroup;
			children = (
				BCF4E61F26827727006A9CA1 /* Story.swift */,
			);
			path = Objects;
			sourceTree = "<group>";
		};
		BCF4E618268266BC006A9CA1 /* Networking */ = {
			isa = PBXGroup;
			children = (
				BCF4E61B26827429006A9CA1 /* Objects */,
				BCF4E61C26827432006A9CA1 /* Support */,
			);
			path = Networking;
			sourceTree = "<group>";
		};
		BCF4E61B26827429006A9CA1 /* Objects */ = {
			isa = PBXGroup;
			children = (
			);
			path = Objects;
			sourceTree = "<group>";
		};
		BCF4E61C26827432006A9CA1 /* Support */ = {
			isa = PBXGroup;
			children = (
			);
			path = Support;
			sourceTree = "<group>";
		};
/* End PBXGroup section */

/* Begin PBXNativeTarget section */
		BCF4E5F4268257FB006A9CA1 /* NYT-Stories */ = {
			isa = PBXNativeTarget;
			buildConfigurationList = BCF4E609268257FD006A9CA1 /* Build configuration list for PBXNativeTarget "NYT-Stories" */;
			buildPhases = (
				BCF4E5F1268257FB006A9CA1 /* Sources */,
				BCF4E5F2268257FB006A9CA1 /* Frameworks */,
				BCF4E5F3268257FB006A9CA1 /* Resources */,
			);
			buildRules = (
			);
			dependencies = (
			);
			name = "NYT-Stories";
			productName = "NYT-Stories";
			productReference = BCF4E5F5268257FB006A9CA1 /* NYT-Stories.app */;
			productType = "com.apple.product-type.application";
		};
/* End PBXNativeTarget section */

/* Begin PBXProject section */
		BCF4E5ED268257FB006A9CA1 /* Project object */ = {
			isa = PBXProject;
			attributes = {
				LastSwiftUpdateCheck = 1250;
				LastUpgradeCheck = 1250;
				TargetAttributes = {
					BCF4E5F4268257FB006A9CA1 = {
						CreatedOnToolsVersion = 12.5.1;
					};
				};
			};
			buildConfigurationList = BCF4E5F0268257FB006A9CA1 /* Build configuration list for PBXProject "NYT-Stories" */;
			compatibilityVersion = "Xcode 9.3";
			developmentRegion = en;
			hasScannedForEncodings = 0;
			knownRegions = (
				en,
				Base,
			);
			mainGroup = BCF4E5EC268257FB006A9CA1;
			productRefGroup = BCF4E5F6268257FB006A9CA1 /* Products */;
			projectDirPath = "";
			projectRoot = "";
			targets = (
				BCF4E5F4268257FB006A9CA1 /* NYT-Stories */,
			);
		};
/* End PBXProject section */

/* Begin PBXResourcesBuildPhase section */
		BCF4E5F3268257FB006A9CA1 /* Resources */ = {
			isa = PBXResourcesBuildPhase;
			buildActionMask = 2147483647;
			files = (
				BCF4E605268257FD006A9CA1 /* LaunchScreen.storyboard in Resources */,
				BCF4E602268257FD006A9CA1 /* Assets.xcassets in Resources */,
				BCF4E600268257FB006A9CA1 /* Main.storyboard in Resources */,
			);
			runOnlyForDeploymentPostprocessing = 0;
		};
/* End PBXResourcesBuildPhase section */

/* Begin PBXSourcesBuildPhase section */
		BCF4E5F1268257FB006A9CA1 /* Sources */ = {
			isa = PBXSourcesBuildPhase;
			buildActionMask = 2147483647;
			files = (
				BCF4E5FD268257FB006A9CA1 /* StoriesListViewController.swift in Sources */,
				BCF4E61A26827408006A9CA1 /* StoriesModelController.swift in Sources */,
				BCF4E5F9268257FB006A9CA1 /* AppDelegate.swift in Sources */,
				BCF4E61E268276A4006A9CA1 /* StoryDetailsViewController.swift in Sources */,
				BCF4E5FB268257FB006A9CA1 /* SceneDelegate.swift in Sources */,
				BCF4E62026827727006A9CA1 /* Story.swift in Sources */,
			);
			runOnlyForDeploymentPostprocessing = 0;
		};
/* End PBXSourcesBuildPhase section */

/* Begin PBXVariantGroup section */
		BCF4E5FE268257FB006A9CA1 /* Main.storyboard */ = {
			isa = PBXVariantGroup;
			children = (
				BCF4E5FF268257FB006A9CA1 /* Base */,
			);
			name = Main.storyboard;
			sourceTree = "<group>";
		};
		BCF4E603268257FD006A9CA1 /* LaunchScreen.storyboard */ = {
			isa = PBXVariantGroup;
			children = (
				BCF4E604268257FD006A9CA1 /* Base */,
			);
			name = LaunchScreen.storyboard;
			sourceTree = "<group>";
		};
/* End PBXVariantGroup section */

/* Begin XCBuildConfiguration section */
		BCF4E607268257FD006A9CA1 /* Debug */ = {
			isa = XCBuildConfiguration;
			buildSettings = {
				ALWAYS_SEARCH_USER_PATHS = NO;
				CLANG_ANALYZER_NONNULL = YES;
				CLANG_ANALYZER_NUMBER_OBJECT_CONVERSION = YES_AGGRESSIVE;
				CLANG_CXX_LANGUAGE_STANDARD = "gnu++14";
				CLANG_CXX_LIBRARY = "libc++";
				CLANG_ENABLE_MODULES = YES;
				CLANG_ENABLE_OBJC_ARC = YES;
				CLANG_ENABLE_OBJC_WEAK = YES;
				CLANG_WARN_BLOCK_CAPTURE_AUTORELEASING = YES;
				CLANG_WARN_BOOL_CONVERSION = YES;
				CLANG_WARN_COMMA = YES;
				CLANG_WARN_CONSTANT_CONVERSION = YES;
				CLANG_WARN_DEPRECATED_OBJC_IMPLEMENTATIONS = YES;
				CLANG_WARN_DIRECT_OBJC_ISA_USAGE = YES_ERROR;
				CLANG_WARN_DOCUMENTATION_COMMENTS = YES;
				CLANG_WARN_EMPTY_BODY = YES;
				CLANG_WARN_ENUM_CONVERSION = YES;
				CLANG_WARN_INFINITE_RECURSION = YES;
				CLANG_WARN_INT_CONVERSION = YES;
				CLANG_WARN_NON_LITERAL_NULL_CONVERSION = YES;
				CLANG_WARN_OBJC_IMPLICIT_RETAIN_SELF = YES;
				CLANG_WARN_OBJC_LITERAL_CONVERSION = YES;
				CLANG_WARN_OBJC_ROOT_CLASS = YES_ERROR;
				CLANG_WARN_QUOTED_INCLUDE_IN_FRAMEWORK_HEADER = YES;
				CLANG_WARN_RANGE_LOOP_ANALYSIS = YES;
				CLANG_WARN_STRICT_PROTOTYPES = YES;
				CLANG_WARN_SUSPICIOUS_MOVE = YES;
				CLANG_WARN_UNGUARDED_AVAILABILITY = YES_AGGRESSIVE;
				CLANG_WARN_UNREACHABLE_CODE = YES;
				CLANG_WARN__DUPLICATE_METHOD_MATCH = YES;
				COPY_PHASE_STRIP = NO;
				DEBUG_INFORMATION_FORMAT = dwarf;
				ENABLE_STRICT_OBJC_MSGSEND = YES;
				ENABLE_TESTABILITY = YES;
				GCC_C_LANGUAGE_STANDARD = gnu11;
				GCC_DYNAMIC_NO_PIC = NO;
				GCC_NO_COMMON_BLOCKS = YES;
				GCC_OPTIMIZATION_LEVEL = 0;
				GCC_PREPROCESSOR_DEFINITIONS = (
					"DEBUG=1",
					"$(inherited)",
				);
				GCC_WARN_64_TO_32_BIT_CONVERSION = YES;
				GCC_WARN_ABOUT_RETURN_TYPE = YES_ERROR;
				GCC_WARN_UNDECLARED_SELECTOR = YES;
				GCC_WARN_UNINITIALIZED_AUTOS = YES_AGGRESSIVE;
				GCC_WARN_UNUSED_FUNCTION = YES;
				GCC_WARN_UNUSED_VARIABLE = YES;
				IPHONEOS_DEPLOYMENT_TARGET = 14.5;
				MTL_ENABLE_DEBUG_INFO = INCLUDE_SOURCE;
				MTL_FAST_MATH = YES;
				ONLY_ACTIVE_ARCH = YES;
				SDKROOT = iphoneos;
				SWIFT_ACTIVE_COMPILATION_CONDITIONS = DEBUG;
				SWIFT_OPTIMIZATION_LEVEL = "-Onone";
			};
			name = Debug;
		};
		BCF4E608268257FD006A9CA1 /* Release */ = {
			isa = XCBuildConfiguration;
			buildSettings = {
				ALWAYS_SEARCH_USER_PATHS = NO;
				CLANG_ANALYZER_NONNULL = YES;
				CLANG_ANALYZER_NUMBER_OBJECT_CONVERSION = YES_AGGRESSIVE;
				CLANG_CXX_LANGUAGE_STANDARD = "gnu++14";
				CLANG_CXX_LIBRARY = "libc++";
				CLANG_ENABLE_MODULES = YES;
				CLANG_ENABLE_OBJC_ARC = YES;
				CLANG_ENABLE_OBJC_WEAK = YES;
				CLANG_WARN_BLOCK_CAPTURE_AUTORELEASING = YES;
				CLANG_WARN_BOOL_CONVERSION = YES;
				CLANG_WARN_COMMA = YES;
				CLANG_WARN_CONSTANT_CONVERSION = YES;
				CLANG_WARN_DEPRECATED_OBJC_IMPLEMENTATIONS = YES;
				CLANG_WARN_DIRECT_OBJC_ISA_USAGE = YES_ERROR;
				CLANG_WARN_DOCUMENTATION_COMMENTS = YES;
				CLANG_WARN_EMPTY_BODY = YES;
				CLANG_WARN_ENUM_CONVERSION = YES;
				CLANG_WARN_INFINITE_RECURSION = YES;
				CLANG_WARN_INT_CONVERSION = YES;
				CLANG_WARN_NON_LITERAL_NULL_CONVERSION = YES;
				CLANG_WARN_OBJC_IMPLICIT_RETAIN_SELF = YES;
				CLANG_WARN_OBJC_LITERAL_CONVERSION = YES;
				CLANG_WARN_OBJC_ROOT_CLASS = YES_ERROR;
				CLANG_WARN_QUOTED_INCLUDE_IN_FRAMEWORK_HEADER = YES;
				CLANG_WARN_RANGE_LOOP_ANALYSIS = YES;
				CLANG_WARN_STRICT_PROTOTYPES = YES;
				CLANG_WARN_SUSPICIOUS_MOVE = YES;
				CLANG_WARN_UNGUARDED_AVAILABILITY = YES_AGGRESSIVE;
				CLANG_WARN_UNREACHABLE_CODE = YES;
				CLANG_WARN__DUPLICATE_METHOD_MATCH = YES;
				COPY_PHASE_STRIP = NO;
				DEBUG_INFORMATION_FORMAT = "dwarf-with-dsym";
				ENABLE_NS_ASSERTIONS = NO;
				ENABLE_STRICT_OBJC_MSGSEND = YES;
				GCC_C_LANGUAGE_STANDARD = gnu11;
				GCC_NO_COMMON_BLOCKS = YES;
				GCC_WARN_64_TO_32_BIT_CONVERSION = YES;
				GCC_WARN_ABOUT_RETURN_TYPE = YES_ERROR;
				GCC_WARN_UNDECLARED_SELECTOR = YES;
				GCC_WARN_UNINITIALIZED_AUTOS = YES_AGGRESSIVE;
				GCC_WARN_UNUSED_FUNCTION = YES;
				GCC_WARN_UNUSED_VARIABLE = YES;
				IPHONEOS_DEPLOYMENT_TARGET = 14.5;
				MTL_ENABLE_DEBUG_INFO = NO;
				MTL_FAST_MATH = YES;
				SDKROOT = iphoneos;
				SWIFT_COMPILATION_MODE = wholemodule;
				SWIFT_OPTIMIZATION_LEVEL = "-O";
				VALIDATE_PRODUCT = YES;
			};
			name = Release;
		};
		BCF4E60A268257FD006A9CA1 /* Debug */ = {
			isa = XCBuildConfiguration;
			buildSettings = {
				ASSETCATALOG_COMPILER_APPICON_NAME = AppIcon;
				ASSETCATALOG_COMPILER_GLOBAL_ACCENT_COLOR_NAME = AccentColor;
				CODE_SIGN_STYLE = Automatic;
				DEVELOPMENT_TEAM = YDQ2G3PC42;
				INFOPLIST_FILE = "NYT-Stories/Info.plist";
				LD_RUNPATH_SEARCH_PATHS = (
					"$(inherited)",
					"@executable_path/Frameworks",
				);
				PRODUCT_BUNDLE_IDENTIFIER = "com.jebolivarh.NYTStories.NYT-Stories";
				PRODUCT_NAME = "$(TARGET_NAME)";
				SWIFT_VERSION = 5.0;
				TARGETED_DEVICE_FAMILY = "1,2";
			};
			name = Debug;
		};
		BCF4E60B268257FD006A9CA1 /* Release */ = {
			isa = XCBuildConfiguration;
			buildSettings = {
				ASSETCATALOG_COMPILER_APPICON_NAME = AppIcon;
				ASSETCATALOG_COMPILER_GLOBAL_ACCENT_COLOR_NAME = AccentColor;
				CODE_SIGN_STYLE = Automatic;
				DEVELOPMENT_TEAM = YDQ2G3PC42;
				INFOPLIST_FILE = "NYT-Stories/Info.plist";
				LD_RUNPATH_SEARCH_PATHS = (
					"$(inherited)",
					"@executable_path/Frameworks",
				);
				PRODUCT_BUNDLE_IDENTIFIER = "com.jebolivarh.NYTStories.NYT-Stories";
				PRODUCT_NAME = "$(TARGET_NAME)";
				SWIFT_VERSION = 5.0;
				TARGETED_DEVICE_FAMILY = "1,2";
			};
			name = Release;
		};
/* End XCBuildConfiguration section */

/* Begin XCConfigurationList section */
		BCF4E5F0268257FB006A9CA1 /* Build configuration list for PBXProject "NYT-Stories" */ = {
			isa = XCConfigurationList;
			buildConfigurations = (
				BCF4E607268257FD006A9CA1 /* Debug */,
				BCF4E608268257FD006A9CA1 /* Release */,
			);
			defaultConfigurationIsVisible = 0;
			defaultConfigurationName = Release;
		};
		BCF4E609268257FD006A9CA1 /* Build configuration list for PBXNativeTarget "NYT-Stories" */ = {
			isa = XCConfigurationList;
			buildConfigurations = (
				BCF4E60A268257FD006A9CA1 /* Debug */,
				BCF4E60B268257FD006A9CA1 /* Release */,
			);
			defaultConfigurationIsVisible = 0;
			defaultConfigurationName = Release;
		};
/* End XCConfigurationList section */
	};
	rootObject = BCF4E5ED268257FB006A9CA1 /* Project object */;
}
